
Microsoft Visual Studio Solution File, Format Version 10.00
# Visual Studio 2008
Project("{8BC9CEB8-8B4A-11D0-8D11-00A0C91BC942}") = "test", "test\test.vcproj", "{B42858AC-A5A3-48C8-A694-0EF18776A30D}"
	ProjectSection(ProjectDependencies) = postProject
		{4A272673-83B6-4A60-93C4-D5CF3F69E83C} = {4A272673-83B6-4A60-93C4-D5CF3F69E83C}
	EndProjectSection
EndProject
Project("{8BC9CEB8-8B4A-11D0-8D11-00A0C91BC942}") = "lib", "lib\lib.vcproj", "{4A272673-83B6-4A60-93C4-D5CF3F69E83C}"
EndProject
Global
	GlobalSection(SolutionConfigurationPlatforms) = preSolution
		Debug|Win32 = Debug|Win32
		Release|Win32 = Release|Win32
	EndGlobalSection
	GlobalSection(ProjectConfigurationPlatforms) = postSolution
		{B42858AC-A5A3-48C8-A694-0EF18776A30D}.Debug|Win32.ActiveCfg = Debug|Win32
		{B42858AC-A5A3-48C8-A694-0EF18776A30D}.Debug|Win32.Build.0 = Debug|Win32
		{B42858AC-A5A3-48C8-A694-0EF18776A30D}.Release|Win32.ActiveCfg = Release|Win32
		{B42858AC-A5A3-48C8-A694-0EF18776A30D}.Release|Win32.Build.0 = Release|Win32
		{4A272673-83B6-4A60-93C4-D5CF3F69E83C}.Debug|Win32.ActiveCfg = Debug|Win32
		{4A272673-83B6-4A60-93C4-D5CF3F69E83C}.Debug|Win32.Build.0 = Debug|Win32
		{4A272673-83B6-4A60-93C4-D5CF3F69E83C}.Release|Win32.ActiveCfg = Release|Win32
		{4A272673-83B6-4A60-93C4-D5CF3F69E83C}.Release|Win32.Build.0 = Release|Win32
	EndGlobalSection
	GlobalSection(SolutionProperties) = preSolution
		HideSolutionNode = FALSE
	EndGlobalSection
EndGlobal
